lockVersion: 2.0.0
id: f33a88d3-7592-43ce-8436-66dc4989c954
management:
  docChecksum: beef634374bba9f101a6f25fa9b153ba
  docVersion: "0.1"
  speakeasyVersion: 1.453.3
  generationVersion: 2.474.6
  releaseVersion: 0.8.8
  configChecksum: 7fd1f02165fa2e9c7d423f6d3e82e964
  repoURL: https://github.com/ioniccommerce/ionic_sdk_ts.git
  repoSubDirectory: .
  installationURL: https://github.com/ioniccommerce/ionic_sdk_ts
  published: true
features:
  typescript:
    additionalDependencies: 0.1.0
    constsAndDefaults: 0.1.11
    core: 3.18.8
    defaultEnabledRetries: 0.1.0
    enumUnions: 0.1.0
    envVarSecurityUsage: 0.1.2
    globalSecurity: 2.82.11
    globalSecurityCallbacks: 0.1.0
    globalSecurityFlattening: 0.1.0
    globalServerURLs: 2.82.4
    methodSecurity: 2.82.4
    responseFormat: 0.2.3
    retries: 2.83.0
    sdkHooks: 0.2.0
    unions: 2.85.8
generatedFiles:
  - .eslintrc.cjs
  - .gitattributes
  - .npmignore
  - CONTRIBUTING.md
  - FUNCTIONS.md
  - RUNTIMES.md
  - USAGE.md
  - docs/lib/utils/retryconfig.md
  - docs/models/components/amountwithcurrency.md
  - docs/models/components/clientdetails.md
  - docs/models/components/enrichedproduct.md
  - docs/models/components/extension.md
  - docs/models/components/extensionimages.md
  - docs/models/components/extensionlinks.md
  - docs/models/components/extensionobject.md
  - docs/models/components/extensions.md
  - docs/models/components/link.md
  - docs/models/components/loc.md
  - docs/models/components/message.md
  - docs/models/components/messagerole.md
  - docs/models/components/messagetype.md
  - docs/models/components/pricewithcurrency.md
  - docs/models/components/product.md
  - docs/models/components/productdetails.md
  - docs/models/components/productidentifiers.md
  - docs/models/components/productlinkrequest.md
  - docs/models/components/productlinkresponse.md
  - docs/models/components/query.md
  - docs/models/components/queryapirequest.md
  - docs/models/components/queryapiresponse.md
  - docs/models/components/querydetails.md
  - docs/models/components/queryresult.md
  - docs/models/components/security.md
  - docs/models/components/session.md
  - docs/models/components/shippingattribute.md
  - docs/models/components/taggedlink.md
  - docs/models/components/userdetails.md
  - docs/models/components/validationerror.md
  - docs/models/errors/httpvalidationerror.md
  - docs/models/operations/createproductlinkresponse.md
  - docs/models/operations/createproductlinksecurity.md
  - docs/models/operations/queryresponse.md
  - docs/models/operations/querysecurity.md
  - docs/sdks/ionic/README.md
  - jsr.json
  - package.json
  - src/core.ts
  - src/funcs/createProductLink.ts
  - src/funcs/query.ts
  - src/hooks/hooks.ts
  - src/hooks/index.ts
  - src/hooks/types.ts
  - src/index.ts
  - src/lib/base64.ts
  - src/lib/config.ts
  - src/lib/dlv.ts
  - src/lib/encodings.ts
  - src/lib/files.ts
  - src/lib/http.ts
  - src/lib/is-plain-object.ts
  - src/lib/logger.ts
  - src/lib/matchers.ts
  - src/lib/primitives.ts
  - src/lib/retries.ts
  - src/lib/schemas.ts
  - src/lib/sdks.ts
  - src/lib/security.ts
  - src/lib/url.ts
  - src/models/components/amountwithcurrency.ts
  - src/models/components/clientdetails.ts
  - src/models/components/enrichedproduct.ts
  - src/models/components/extension.ts
  - src/models/components/extensionimages.ts
  - src/models/components/extensionlinks.ts
  - src/models/components/extensionobject.ts
  - src/models/components/extensions.ts
  - src/models/components/index.ts
  - src/models/components/link.ts
  - src/models/components/message.ts
  - src/models/components/messagerole.ts
  - src/models/components/messagetype.ts
  - src/models/components/pricewithcurrency.ts
  - src/models/components/product.ts
  - src/models/components/productdetails.ts
  - src/models/components/productidentifiers.ts
  - src/models/components/productlinkrequest.ts
  - src/models/components/productlinkresponse.ts
  - src/models/components/query.ts
  - src/models/components/queryapirequest.ts
  - src/models/components/queryapiresponse.ts
  - src/models/components/querydetails.ts
  - src/models/components/queryresult.ts
  - src/models/components/security.ts
  - src/models/components/session.ts
  - src/models/components/shippingattribute.ts
  - src/models/components/taggedlink.ts
  - src/models/components/userdetails.ts
  - src/models/components/validationerror.ts
  - src/models/errors/httpclienterrors.ts
  - src/models/errors/httpvalidationerror.ts
  - src/models/errors/index.ts
  - src/models/errors/sdkerror.ts
  - src/models/errors/sdkvalidationerror.ts
  - src/models/operations/createproductlink.ts
  - src/models/operations/index.ts
  - src/models/operations/query.ts
  - src/sdk/index.ts
  - src/sdk/sdk.ts
  - src/types/blobs.ts
  - src/types/constdatetime.ts
  - src/types/enums.ts
  - src/types/fp.ts
  - src/types/index.ts
  - src/types/operations.ts
  - src/types/rfcdate.ts
  - src/types/streams.ts
  - tsconfig.json
examples:
  create_product_link:
    speakeasy-default-create-product-link:
      requestBody:
        application/json: {"client_details": {"ip": "185.113.33.24"}, "product": {"link": "http://negative-wording.biz"}, "query": {"q": "<value>"}, "user_details": {"email": "Mitchell_DAmore49@hotmail.com", "id": "<id>"}}
      responses:
        "200":
          application/json: {"id": "<id>", "product": {"links": {"original": "https://intent-captor.com", "tagged": "http://negative-wording.biz"}}}
        "422": {}
  query:
    speakeasy-default-query:
      requestBody:
        application/json: {"query": {"query": "<value>"}}
      responses:
        "200":
          application/json: {"token": "<value>"}
        "422": {}
generatedTests: {}
